// !$*UTF8*$!
{
	archiveVersion = 1;
	classes = {
	};
	objectVersion = 46;
	objects = {

/* Begin PBXBuildFile section */
		3FF36A872DB6ADA4C97B712D /* libPods-BadgeKeeper.Sample.a in Frameworks */ = {isa = PBXBuildFile; fileRef = CE1DABCEA08C3A78C92193BD /* libPods-BadgeKeeper.Sample.a */; };
		CD6CD9271BD96BFC006789AA /* BKObject.m in Sources */ = {isa = PBXBuildFile; fileRef = CD6CD9241BD96BFC006789AA /* BKObject.m */; settings = {ASSET_TAGS = (); }; };
		CD6CD9281BD96BFC006789AA /* BKPair.m in Sources */ = {isa = PBXBuildFile; fileRef = CD6CD9261BD96BFC006789AA /* BKPair.m */; settings = {ASSET_TAGS = (); }; };
		CD6CD9331BD96C07006789AA /* BKAchievement.m in Sources */ = {isa = PBXBuildFile; fileRef = CD6CD92A1BD96C07006789AA /* BKAchievement.m */; settings = {ASSET_TAGS = (); }; };
		CD6CD9341BD96C07006789AA /* BKProject.m in Sources */ = {isa = PBXBuildFile; fileRef = CD6CD92C1BD96C07006789AA /* BKProject.m */; settings = {ASSET_TAGS = (); }; };
		CD6CD9351BD96C07006789AA /* BKReward.m in Sources */ = {isa = PBXBuildFile; fileRef = CD6CD92E1BD96C07006789AA /* BKReward.m */; settings = {ASSET_TAGS = (); }; };
		CD6CD9361BD96C07006789AA /* BKUnlockedAchievement.m in Sources */ = {isa = PBXBuildFile; fileRef = CD6CD9301BD96C07006789AA /* BKUnlockedAchievement.m */; settings = {ASSET_TAGS = (); }; };
		CD6CD9371BD96C07006789AA /* BKUserAchievement.m in Sources */ = {isa = PBXBuildFile; fileRef = CD6CD9321BD96C07006789AA /* BKUserAchievement.m */; settings = {ASSET_TAGS = (); }; };
		CD6CD93A1BD96C1A006789AA /* BKApiService.m in Sources */ = {isa = PBXBuildFile; fileRef = CD6CD9391BD96C1A006789AA /* BKApiService.m */; settings = {ASSET_TAGS = (); }; };
		CD6CD9451BD96C2B006789AA /* BKApiRequest.m in Sources */ = {isa = PBXBuildFile; fileRef = CD6CD93C1BD96C2B006789AA /* BKApiRequest.m */; settings = {ASSET_TAGS = (); }; };
		CD6CD9461BD96C2B006789AA /* BKApiRequestGetProjectAchievements.m in Sources */ = {isa = PBXBuildFile; fileRef = CD6CD93E1BD96C2B006789AA /* BKApiRequestGetProjectAchievements.m */; settings = {ASSET_TAGS = (); }; };
		CD6CD9471BD96C2B006789AA /* BKApiRequestGetUserAchievements.m in Sources */ = {isa = PBXBuildFile; fileRef = CD6CD9401BD96C2B006789AA /* BKApiRequestGetUserAchievements.m */; settings = {ASSET_TAGS = (); }; };
		CD6CD9481BD96C2B006789AA /* BKApiRequestIncrementUserChanges.m in Sources */ = {isa = PBXBuildFile; fileRef = CD6CD9421BD96C2B006789AA /* BKApiRequestIncrementUserChanges.m */; settings = {ASSET_TAGS = (); }; };
		CD6CD9491BD96C2B006789AA /* BKApiRequestSetUserChanges.m in Sources */ = {isa = PBXBuildFile; fileRef = CD6CD9441BD96C2B006789AA /* BKApiRequestSetUserChanges.m */; settings = {ASSET_TAGS = (); }; };
		CD6CD9561BD96C39006789AA /* BKApiResponse.m in Sources */ = {isa = PBXBuildFile; fileRef = CD6CD94B1BD96C39006789AA /* BKApiResponse.m */; settings = {ASSET_TAGS = (); }; };
		CD6CD9571BD96C39006789AA /* BKApiResponseError.m in Sources */ = {isa = PBXBuildFile; fileRef = CD6CD94D1BD96C39006789AA /* BKApiResponseError.m */; settings = {ASSET_TAGS = (); }; };
		CD6CD9581BD96C39006789AA /* BKApiResponseGetProjectAchievements.m in Sources */ = {isa = PBXBuildFile; fileRef = CD6CD94F1BD96C39006789AA /* BKApiResponseGetProjectAchievements.m */; settings = {ASSET_TAGS = (); }; };
		CD6CD9591BD96C39006789AA /* BKApiResponseGetUserAchievements.m in Sources */ = {isa = PBXBuildFile; fileRef = CD6CD9511BD96C39006789AA /* BKApiResponseGetUserAchievements.m */; settings = {ASSET_TAGS = (); }; };
		CD6CD95A1BD96C39006789AA /* BKApiResponseIncrementUserChanges.m in Sources */ = {isa = PBXBuildFile; fileRef = CD6CD9531BD96C39006789AA /* BKApiResponseIncrementUserChanges.m */; settings = {ASSET_TAGS = (); }; };
		CD6CD95B1BD96C39006789AA /* BKApiResponseSetUserChanges.m in Sources */ = {isa = PBXBuildFile; fileRef = CD6CD9551BD96C39006789AA /* BKApiResponseSetUserChanges.m */; settings = {ASSET_TAGS = (); }; };
		CD78EA0C1BB9E8F6003289B5 /* BKEntityAchievement.m in Sources */ = {isa = PBXBuildFile; fileRef = CD78EA061BB9E8F6003289B5 /* BKEntityAchievement.m */; settings = {ASSET_TAGS = (); }; };
		CD78EA0E1BB9E8F6003289B5 /* BKEntityReward.m in Sources */ = {isa = PBXBuildFile; fileRef = CD78EA0A1BB9E8F6003289B5 /* BKEntityReward.m */; settings = {ASSET_TAGS = (); }; };
		CD78EA111BB9F097003289B5 /* BKEntityStorage.m in Sources */ = {isa = PBXBuildFile; fileRef = CD78EA101BB9F097003289B5 /* BKEntityStorage.m */; settings = {ASSET_TAGS = (); }; };
		CF33378C1B5ABC1800C637DE /* main.m in Sources */ = {isa = PBXBuildFile; fileRef = CF33378B1B5ABC1800C637DE /* main.m */; };
		CF33378F1B5ABC1800C637DE /* AppDelegate.m in Sources */ = {isa = PBXBuildFile; fileRef = CF33378E1B5ABC1800C637DE /* AppDelegate.m */; };
		CF3337971B5ABC1800C637DE /* Images.xcassets in Resources */ = {isa = PBXBuildFile; fileRef = CF3337961B5ABC1800C637DE /* Images.xcassets */; };
		CF3337E21B5AFB3800C637DE /* BadgeKeeper.m in Sources */ = {isa = PBXBuildFile; fileRef = CF3337E11B5AFB3800C637DE /* BadgeKeeper.m */; };
		CFAFC0CF1B6FE26D00FA174B /* BKAchievementViewController.m in Sources */ = {isa = PBXBuildFile; fileRef = CFAFC0CD1B6FE26D00FA174B /* BKAchievementViewController.m */; };
		CFAFC0D01B6FE26D00FA174B /* BKAchievementViewController.xib in Resources */ = {isa = PBXBuildFile; fileRef = CFAFC0CE1B6FE26D00FA174B /* BKAchievementViewController.xib */; };
/* End PBXBuildFile section */

/* Begin PBXFileReference section */
		03B3267B0F25927496E778AE /* Pods-BadgeKeeper.Sample.debug.xcconfig */ = {isa = PBXFileReference; includeInIndex = 1; lastKnownFileType = text.xcconfig; name = "Pods-BadgeKeeper.Sample.debug.xcconfig"; path = "Pods/Target Support Files/Pods-BadgeKeeper.Sample/Pods-BadgeKeeper.Sample.debug.xcconfig"; sourceTree = "<group>"; };
		A2913841EEAED56730607715 /* Pods-BadgeKeeper.Sample.release.xcconfig */ = {isa = PBXFileReference; includeInIndex = 1; lastKnownFileType = text.xcconfig; name = "Pods-BadgeKeeper.Sample.release.xcconfig"; path = "Pods/Target Support Files/Pods-BadgeKeeper.Sample/Pods-BadgeKeeper.Sample.release.xcconfig"; sourceTree = "<group>"; };
		CD6CD9231BD96BFC006789AA /* BKObject.h */ = {isa = PBXFileReference; fileEncoding = 4; lastKnownFileType = sourcecode.c.h; name = BKObject.h; path = Objects/BKObject.h; sourceTree = "<group>"; };
		CD6CD9241BD96BFC006789AA /* BKObject.m */ = {isa = PBXFileReference; fileEncoding = 4; lastKnownFileType = sourcecode.c.objc; name = BKObject.m; path = Objects/BKObject.m; sourceTree = "<group>"; };
		CD6CD9251BD96BFC006789AA /* BKPair.h */ = {isa = PBXFileReference; fileEncoding = 4; lastKnownFileType = sourcecode.c.h; name = BKPair.h; path = Objects/BKPair.h; sourceTree = "<group>"; };
		CD6CD9261BD96BFC006789AA /* BKPair.m */ = {isa = PBXFileReference; fileEncoding = 4; lastKnownFileType = sourcecode.c.objc; name = BKPair.m; path = Objects/BKPair.m; sourceTree = "<group>"; };
		CD6CD9291BD96C07006789AA /* BKAchievement.h */ = {isa = PBXFileReference; fileEncoding = 4; lastKnownFileType = sourcecode.c.h; name = BKAchievement.h; path = BadgeKeeper.Sample/Classes/Vendor/Objects/Models/BKAchievement.h; sourceTree = SOURCE_ROOT; };
		CD6CD92A1BD96C07006789AA /* BKAchievement.m */ = {isa = PBXFileReference; fileEncoding = 4; lastKnownFileType = sourcecode.c.objc; name = BKAchievement.m; path = BadgeKeeper.Sample/Classes/Vendor/Objects/Models/BKAchievement.m; sourceTree = SOURCE_ROOT; };
		CD6CD92B1BD96C07006789AA /* BKProject.h */ = {isa = PBXFileReference; fileEncoding = 4; lastKnownFileType = sourcecode.c.h; name = BKProject.h; path = BadgeKeeper.Sample/Classes/Vendor/Objects/Models/BKProject.h; sourceTree = SOURCE_ROOT; };
		CD6CD92C1BD96C07006789AA /* BKProject.m */ = {isa = PBXFileReference; fileEncoding = 4; lastKnownFileType = sourcecode.c.objc; name = BKProject.m; path = BadgeKeeper.Sample/Classes/Vendor/Objects/Models/BKProject.m; sourceTree = SOURCE_ROOT; };
		CD6CD92D1BD96C07006789AA /* BKReward.h */ = {isa = PBXFileReference; fileEncoding = 4; lastKnownFileType = sourcecode.c.h; name = BKReward.h; path = BadgeKeeper.Sample/Classes/Vendor/Objects/Models/BKReward.h; sourceTree = SOURCE_ROOT; };
		CD6CD92E1BD96C07006789AA /* BKReward.m */ = {isa = PBXFileReference; fileEncoding = 4; lastKnownFileType = sourcecode.c.objc; name = BKReward.m; path = BadgeKeeper.Sample/Classes/Vendor/Objects/Models/BKReward.m; sourceTree = SOURCE_ROOT; };
		CD6CD92F1BD96C07006789AA /* BKUnlockedAchievement.h */ = {isa = PBXFileReference; fileEncoding = 4; lastKnownFileType = sourcecode.c.h; name = BKUnlockedAchievement.h; path = BadgeKeeper.Sample/Classes/Vendor/Objects/Models/BKUnlockedAchievement.h; sourceTree = SOURCE_ROOT; };
		CD6CD9301BD96C07006789AA /* BKUnlockedAchievement.m */ = {isa = PBXFileReference; fileEncoding = 4; lastKnownFileType = sourcecode.c.objc; name = BKUnlockedAchievement.m; path = BadgeKeeper.Sample/Classes/Vendor/Objects/Models/BKUnlockedAchievement.m; sourceTree = SOURCE_ROOT; };
		CD6CD9311BD96C07006789AA /* BKUserAchievement.h */ = {isa = PBXFileReference; fileEncoding = 4; lastKnownFileType = sourcecode.c.h; name = BKUserAchievement.h; path = BadgeKeeper.Sample/Classes/Vendor/Objects/Models/BKUserAchievement.h; sourceTree = SOURCE_ROOT; };
		CD6CD9321BD96C07006789AA /* BKUserAchievement.m */ = {isa = PBXFileReference; fileEncoding = 4; lastKnownFileType = sourcecode.c.objc; name = BKUserAchievement.m; path = BadgeKeeper.Sample/Classes/Vendor/Objects/Models/BKUserAchievement.m; sourceTree = SOURCE_ROOT; };
		CD6CD9381BD96C1A006789AA /* BKApiService.h */ = {isa = PBXFileReference; fileEncoding = 4; lastKnownFileType = sourcecode.c.h; name = BKApiService.h; path = BadgeKeeper.Sample/Classes/Vendor/Network/BKApiService.h; sourceTree = SOURCE_ROOT; };
		CD6CD9391BD96C1A006789AA /* BKApiService.m */ = {isa = PBXFileReference; fileEncoding = 4; lastKnownFileType = sourcecode.c.objc; name = BKApiService.m; path = BadgeKeeper.Sample/Classes/Vendor/Network/BKApiService.m; sourceTree = SOURCE_ROOT; };
		CD6CD93B1BD96C2B006789AA /* BKApiRequest.h */ = {isa = PBXFileReference; fileEncoding = 4; lastKnownFileType = sourcecode.c.h; name = BKApiRequest.h; path = BadgeKeeper.Sample/Classes/Vendor/Network/Packets/Requests/BKApiRequest.h; sourceTree = SOURCE_ROOT; };
		CD6CD93C1BD96C2B006789AA /* BKApiRequest.m */ = {isa = PBXFileReference; fileEncoding = 4; lastKnownFileType = sourcecode.c.objc; name = BKApiRequest.m; path = BadgeKeeper.Sample/Classes/Vendor/Network/Packets/Requests/BKApiRequest.m; sourceTree = SOURCE_ROOT; };
		CD6CD93D1BD96C2B006789AA /* BKApiRequestGetProjectAchievements.h */ = {isa = PBXFileReference; fileEncoding = 4; lastKnownFileType = sourcecode.c.h; name = BKApiRequestGetProjectAchievements.h; path = BadgeKeeper.Sample/Classes/Vendor/Network/Packets/Requests/BKApiRequestGetProjectAchievements.h; sourceTree = SOURCE_ROOT; };
		CD6CD93E1BD96C2B006789AA /* BKApiRequestGetProjectAchievements.m */ = {isa = PBXFileReference; fileEncoding = 4; lastKnownFileType = sourcecode.c.objc; name = BKApiRequestGetProjectAchievements.m; path = BadgeKeeper.Sample/Classes/Vendor/Network/Packets/Requests/BKApiRequestGetProjectAchievements.m; sourceTree = SOURCE_ROOT; };
		CD6CD93F1BD96C2B006789AA /* BKApiRequestGetUserAchievements.h */ = {isa = PBXFileReference; fileEncoding = 4; lastKnownFileType = sourcecode.c.h; name = BKApiRequestGetUserAchievements.h; path = BadgeKeeper.Sample/Classes/Vendor/Network/Packets/Requests/BKApiRequestGetUserAchievements.h; sourceTree = SOURCE_ROOT; };
		CD6CD9401BD96C2B006789AA /* BKApiRequestGetUserAchievements.m */ = {isa = PBXFileReference; fileEncoding = 4; lastKnownFileType = sourcecode.c.objc; name = BKApiRequestGetUserAchievements.m; path = BadgeKeeper.Sample/Classes/Vendor/Network/Packets/Requests/BKApiRequestGetUserAchievements.m; sourceTree = SOURCE_ROOT; };
		CD6CD9411BD96C2B006789AA /* BKApiRequestIncrementUserChanges.h */ = {isa = PBXFileReference; fileEncoding = 4; lastKnownFileType = sourcecode.c.h; name = BKApiRequestIncrementUserChanges.h; path = BadgeKeeper.Sample/Classes/Vendor/Network/Packets/Requests/BKApiRequestIncrementUserChanges.h; sourceTree = SOURCE_ROOT; };
		CD6CD9421BD96C2B006789AA /* BKApiRequestIncrementUserChanges.m */ = {isa = PBXFileReference; fileEncoding = 4; lastKnownFileType = sourcecode.c.objc; name = BKApiRequestIncrementUserChanges.m; path = BadgeKeeper.Sample/Classes/Vendor/Network/Packets/Requests/BKApiRequestIncrementUserChanges.m; sourceTree = SOURCE_ROOT; };
		CD6CD9431BD96C2B006789AA /* BKApiRequestSetUserChanges.h */ = {isa = PBXFileReference; fileEncoding = 4; lastKnownFileType = sourcecode.c.h; name = BKApiRequestSetUserChanges.h; path = BadgeKeeper.Sample/Classes/Vendor/Network/Packets/Requests/BKApiRequestSetUserChanges.h; sourceTree = SOURCE_ROOT; };
		CD6CD9441BD96C2B006789AA /* BKApiRequestSetUserChanges.m */ = {isa = PBXFileReference; fileEncoding = 4; lastKnownFileType = sourcecode.c.objc; name = BKApiRequestSetUserChanges.m; path = BadgeKeeper.Sample/Classes/Vendor/Network/Packets/Requests/BKApiRequestSetUserChanges.m; sourceTree = SOURCE_ROOT; };
		CD6CD94A1BD96C39006789AA /* BKApiResponse.h */ = {isa = PBXFileReference; fileEncoding = 4; lastKnownFileType = sourcecode.c.h; name = BKApiResponse.h; path = BadgeKeeper.Sample/Classes/Vendor/Network/Packets/Responses/BKApiResponse.h; sourceTree = SOURCE_ROOT; };
		CD6CD94B1BD96C39006789AA /* BKApiResponse.m */ = {isa = PBXFileReference; fileEncoding = 4; lastKnownFileType = sourcecode.c.objc; name = BKApiResponse.m; path = BadgeKeeper.Sample/Classes/Vendor/Network/Packets/Responses/BKApiResponse.m; sourceTree = SOURCE_ROOT; };
		CD6CD94C1BD96C39006789AA /* BKApiResponseError.h */ = {isa = PBXFileReference; fileEncoding = 4; lastKnownFileType = sourcecode.c.h; name = BKApiResponseError.h; path = BadgeKeeper.Sample/Classes/Vendor/Network/Packets/Responses/BKApiResponseError.h; sourceTree = SOURCE_ROOT; };
		CD6CD94D1BD96C39006789AA /* BKApiResponseError.m */ = {isa = PBXFileReference; fileEncoding = 4; lastKnownFileType = sourcecode.c.objc; name = BKApiResponseError.m; path = BadgeKeeper.Sample/Classes/Vendor/Network/Packets/Responses/BKApiResponseError.m; sourceTree = SOURCE_ROOT; };
		CD6CD94E1BD96C39006789AA /* BKApiResponseGetProjectAchievements.h */ = {isa = PBXFileReference; fileEncoding = 4; lastKnownFileType = sourcecode.c.h; name = BKApiResponseGetProjectAchievements.h; path = BadgeKeeper.Sample/Classes/Vendor/Network/Packets/Responses/BKApiResponseGetProjectAchievements.h; sourceTree = SOURCE_ROOT; };
		CD6CD94F1BD96C39006789AA /* BKApiResponseGetProjectAchievements.m */ = {isa = PBXFileReference; fileEncoding = 4; lastKnownFileType = sourcecode.c.objc; name = BKApiResponseGetProjectAchievements.m; path = BadgeKeeper.Sample/Classes/Vendor/Network/Packets/Responses/BKApiResponseGetProjectAchievements.m; sourceTree = SOURCE_ROOT; };
		CD6CD9501BD96C39006789AA /* BKApiResponseGetUserAchievements.h */ = {isa = PBXFileReference; fileEncoding = 4; lastKnownFileType = sourcecode.c.h; name = BKApiResponseGetUserAchievements.h; path = BadgeKeeper.Sample/Classes/Vendor/Network/Packets/Responses/BKApiResponseGetUserAchievements.h; sourceTree = SOURCE_ROOT; };
		CD6CD9511BD96C39006789AA /* BKApiResponseGetUserAchievements.m */ = {isa = PBXFileReference; fileEncoding = 4; lastKnownFileType = sourcecode.c.objc; name = BKApiResponseGetUserAchievements.m; path = BadgeKeeper.Sample/Classes/Vendor/Network/Packets/Responses/BKApiResponseGetUserAchievements.m; sourceTree = SOURCE_ROOT; };
		CD6CD9521BD96C39006789AA /* BKApiResponseIncrementUserChanges.h */ = {isa = PBXFileReference; fileEncoding = 4; lastKnownFileType = sourcecode.c.h; name = BKApiResponseIncrementUserChanges.h; path = BadgeKeeper.Sample/Classes/Vendor/Network/Packets/Responses/BKApiResponseIncrementUserChanges.h; sourceTree = SOURCE_ROOT; };
		CD6CD9531BD96C39006789AA /* BKApiResponseIncrementUserChanges.m */ = {isa = PBXFileReference; fileEncoding = 4; lastKnownFileType = sourcecode.c.objc; name = BKApiResponseIncrementUserChanges.m; path = BadgeKeeper.Sample/Classes/Vendor/Network/Packets/Responses/BKApiResponseIncrementUserChanges.m; sourceTree = SOURCE_ROOT; };
		CD6CD9541BD96C39006789AA /* BKApiResponseSetUserChanges.h */ = {isa = PBXFileReference; fileEncoding = 4; lastKnownFileType = sourcecode.c.h; name = BKApiResponseSetUserChanges.h; path = BadgeKeeper.Sample/Classes/Vendor/Network/Packets/Responses/BKApiResponseSetUserChanges.h; sourceTree = SOURCE_ROOT; };
		CD6CD9551BD96C39006789AA /* BKApiResponseSetUserChanges.m */ = {isa = PBXFileReference; fileEncoding = 4; lastKnownFileType = sourcecode.c.objc; name = BKApiResponseSetUserChanges.m; path = BadgeKeeper.Sample/Classes/Vendor/Network/Packets/Responses/BKApiResponseSetUserChanges.m; sourceTree = SOURCE_ROOT; };
		CD78EA051BB9E8F6003289B5 /* BKEntityAchievement.h */ = {isa = PBXFileReference; fileEncoding = 4; lastKnownFileType = sourcecode.c.h; name = BKEntityAchievement.h; path = Entities/BKEntityAchievement.h; sourceTree = "<group>"; };
		CD78EA061BB9E8F6003289B5 /* BKEntityAchievement.m */ = {isa = PBXFileReference; fileEncoding = 4; lastKnownFileType = sourcecode.c.objc; name = BKEntityAchievement.m; path = Entities/BKEntityAchievement.m; sourceTree = "<group>"; };
		CD78EA091BB9E8F6003289B5 /* BKEntityReward.h */ = {isa = PBXFileReference; fileEncoding = 4; lastKnownFileType = sourcecode.c.h; name = BKEntityReward.h; path = Entities/BKEntityReward.h; sourceTree = "<group>"; };
		CD78EA0A1BB9E8F6003289B5 /* BKEntityReward.m */ = {isa = PBXFileReference; fileEncoding = 4; lastKnownFileType = sourcecode.c.objc; name = BKEntityReward.m; path = Entities/BKEntityReward.m; sourceTree = "<group>"; };
		CD78EA0F1BB9F097003289B5 /* BKEntityStorage.h */ = {isa = PBXFileReference; fileEncoding = 4; lastKnownFileType = sourcecode.c.h; name = BKEntityStorage.h; path = Entities/BKEntityStorage.h; sourceTree = "<group>"; };
		CD78EA101BB9F097003289B5 /* BKEntityStorage.m */ = {isa = PBXFileReference; fileEncoding = 4; lastKnownFileType = sourcecode.c.objc; name = BKEntityStorage.m; path = Entities/BKEntityStorage.m; sourceTree = "<group>"; };
		CE1DABCEA08C3A78C92193BD /* libPods-BadgeKeeper.Sample.a */ = {isa = PBXFileReference; explicitFileType = archive.ar; includeInIndex = 0; path = "libPods-BadgeKeeper.Sample.a"; sourceTree = BUILT_PRODUCTS_DIR; };
		CF3337861B5ABC1800C637DE /* BadgeKeeper.Sample.app */ = {isa = PBXFileReference; explicitFileType = wrapper.application; includeInIndex = 0; path = BadgeKeeper.Sample.app; sourceTree = BUILT_PRODUCTS_DIR; };
		CF33378A1B5ABC1800C637DE /* Info.plist */ = {isa = PBXFileReference; lastKnownFileType = text.plist.xml; path = Info.plist; sourceTree = "<group>"; };
		CF33378B1B5ABC1800C637DE /* main.m */ = {isa = PBXFileReference; lastKnownFileType = sourcecode.c.objc; path = main.m; sourceTree = "<group>"; };
		CF33378D1B5ABC1800C637DE /* AppDelegate.h */ = {isa = PBXFileReference; lastKnownFileType = sourcecode.c.h; path = AppDelegate.h; sourceTree = "<group>"; };
		CF33378E1B5ABC1800C637DE /* AppDelegate.m */ = {isa = PBXFileReference; lastKnownFileType = sourcecode.c.objc; path = AppDelegate.m; sourceTree = "<group>"; };
		CF3337961B5ABC1800C637DE /* Images.xcassets */ = {isa = PBXFileReference; lastKnownFileType = folder.assetcatalog; path = Images.xcassets; sourceTree = "<group>"; };
		CF3337E01B5AFB3800C637DE /* BadgeKeeper.h */ = {isa = PBXFileReference; fileEncoding = 4; lastKnownFileType = sourcecode.c.h; path = BadgeKeeper.h; sourceTree = "<group>"; };
		CF3337E11B5AFB3800C637DE /* BadgeKeeper.m */ = {isa = PBXFileReference; fileEncoding = 4; lastKnownFileType = sourcecode.c.objc; path = BadgeKeeper.m; sourceTree = "<group>"; };
		CFAFC0CC1B6FE26D00FA174B /* BKAchievementViewController.h */ = {isa = PBXFileReference; fileEncoding = 4; lastKnownFileType = sourcecode.c.h; path = BKAchievementViewController.h; sourceTree = "<group>"; };
		CFAFC0CD1B6FE26D00FA174B /* BKAchievementViewController.m */ = {isa = PBXFileReference; fileEncoding = 4; lastKnownFileType = sourcecode.c.objc; path = BKAchievementViewController.m; sourceTree = "<group>"; };
		CFAFC0CE1B6FE26D00FA174B /* BKAchievementViewController.xib */ = {isa = PBXFileReference; fileEncoding = 4; lastKnownFileType = file.xib; path = BKAchievementViewController.xib; sourceTree = "<group>"; };
/* End PBXFileReference section */

/* Begin PBXFrameworksBuildPhase section */
		CF3337831B5ABC1800C637DE /* Frameworks */ = {
			isa = PBXFrameworksBuildPhase;
			buildActionMask = 2147483647;
			files = (
				3FF36A872DB6ADA4C97B712D /* libPods-BadgeKeeper.Sample.a in Frameworks */,
			);
			runOnlyForDeploymentPostprocessing = 0;
		};
/* End PBXFrameworksBuildPhase section */

/* Begin PBXGroup section */
		A2164DA331A95637AA50B022 /* Pods */ = {
			isa = PBXGroup;
			children = (
				03B3267B0F25927496E778AE /* Pods-BadgeKeeper.Sample.debug.xcconfig */,
				A2913841EEAED56730607715 /* Pods-BadgeKeeper.Sample.release.xcconfig */,
			);
			name = Pods;
			sourceTree = "<group>";
		};
		B95582872D848A99B2C22F67 /* Frameworks */ = {
			isa = PBXGroup;
			children = (
				CE1DABCEA08C3A78C92193BD /* libPods-BadgeKeeper.Sample.a */,
			);
			name = Frameworks;
			sourceTree = "<group>";
		};
		CD78E9FF1BB9E72D003289B5 /* Entities */ = {
			isa = PBXGroup;
			children = (
				CD78EA051BB9E8F6003289B5 /* BKEntityAchievement.h */,
				CD78EA061BB9E8F6003289B5 /* BKEntityAchievement.m */,
				CD78EA091BB9E8F6003289B5 /* BKEntityReward.h */,
				CD78EA0A1BB9E8F6003289B5 /* BKEntityReward.m */,
				CD78EA0F1BB9F097003289B5 /* BKEntityStorage.h */,
				CD78EA101BB9F097003289B5 /* BKEntityStorage.m */,
			);
			name = Entities;
			sourceTree = "<group>";
		};
		CD7E22901BD81DA5000BDDBA /* Objects */ = {
			isa = PBXGroup;
			children = (
				CD6CD9231BD96BFC006789AA /* BKObject.h */,
				CD6CD9241BD96BFC006789AA /* BKObject.m */,
				CD6CD9251BD96BFC006789AA /* BKPair.h */,
				CD6CD9261BD96BFC006789AA /* BKPair.m */,
				CF3338301B5B03B700C637DE /* Models */,
			);
			name = Objects;
			sourceTree = "<group>";
		};
		CDFE240B1BD8EE2C00506A67 /* Responses */ = {
			isa = PBXGroup;
			children = (
				CD6CD94A1BD96C39006789AA /* BKApiResponse.h */,
				CD6CD94B1BD96C39006789AA /* BKApiResponse.m */,
				CD6CD94C1BD96C39006789AA /* BKApiResponseError.h */,
				CD6CD94D1BD96C39006789AA /* BKApiResponseError.m */,
				CD6CD94E1BD96C39006789AA /* BKApiResponseGetProjectAchievements.h */,
				CD6CD94F1BD96C39006789AA /* BKApiResponseGetProjectAchievements.m */,
				CD6CD9501BD96C39006789AA /* BKApiResponseGetUserAchievements.h */,
				CD6CD9511BD96C39006789AA /* BKApiResponseGetUserAchievements.m */,
				CD6CD9521BD96C39006789AA /* BKApiResponseIncrementUserChanges.h */,
				CD6CD9531BD96C39006789AA /* BKApiResponseIncrementUserChanges.m */,
				CD6CD9541BD96C39006789AA /* BKApiResponseSetUserChanges.h */,
				CD6CD9551BD96C39006789AA /* BKApiResponseSetUserChanges.m */,
			);
			name = Responses;
			sourceTree = "<group>";
		};
		CDFE240C1BD8EE3700506A67 /* Requests */ = {
			isa = PBXGroup;
			children = (
				CD6CD93B1BD96C2B006789AA /* BKApiRequest.h */,
				CD6CD93C1BD96C2B006789AA /* BKApiRequest.m */,
				CD6CD93D1BD96C2B006789AA /* BKApiRequestGetProjectAchievements.h */,
				CD6CD93E1BD96C2B006789AA /* BKApiRequestGetProjectAchievements.m */,
				CD6CD93F1BD96C2B006789AA /* BKApiRequestGetUserAchievements.h */,
				CD6CD9401BD96C2B006789AA /* BKApiRequestGetUserAchievements.m */,
				CD6CD9411BD96C2B006789AA /* BKApiRequestIncrementUserChanges.h */,
				CD6CD9421BD96C2B006789AA /* BKApiRequestIncrementUserChanges.m */,
				CD6CD9431BD96C2B006789AA /* BKApiRequestSetUserChanges.h */,
				CD6CD9441BD96C2B006789AA /* BKApiRequestSetUserChanges.m */,
			);
			name = Requests;
			sourceTree = "<group>";
		};
		CF33377D1B5ABC1800C637DE = {
			isa = PBXGroup;
			children = (
				CF3337881B5ABC1800C637DE /* BadgeKeeper.Sample */,
				CF3337871B5ABC1800C637DE /* Products */,
				A2164DA331A95637AA50B022 /* Pods */,
				B95582872D848A99B2C22F67 /* Frameworks */,
			);
			sourceTree = "<group>";
		};
		CF3337871B5ABC1800C637DE /* Products */ = {
			isa = PBXGroup;
			children = (
				CF3337861B5ABC1800C637DE /* BadgeKeeper.Sample.app */,
			);
			name = Products;
			sourceTree = "<group>";
		};
		CF3337881B5ABC1800C637DE /* BadgeKeeper.Sample */ = {
			isa = PBXGroup;
			children = (
				CFAFC0CB1B6FE26D00FA174B /* Presenter */,
				CF3337DF1B5AFB2D00C637DE /* Vendor */,
				CF33378D1B5ABC1800C637DE /* AppDelegate.h */,
				CF33378E1B5ABC1800C637DE /* AppDelegate.m */,
				CF3337961B5ABC1800C637DE /* Images.xcassets */,
				CF33378A1B5ABC1800C637DE /* Info.plist */,
				CF33378B1B5ABC1800C637DE /* main.m */,
			);
			path = BadgeKeeper.Sample;
			sourceTree = "<group>";
		};
		CF3337DF1B5AFB2D00C637DE /* Vendor */ = {
			isa = PBXGroup;
			children = (
				CF33383C1B5B068400C637DE /* Network */,
				CD7E22901BD81DA5000BDDBA /* Objects */,
				CD78E9FF1BB9E72D003289B5 /* Entities */,
				CF3337E01B5AFB3800C637DE /* BadgeKeeper.h */,
				CF3337E11B5AFB3800C637DE /* BadgeKeeper.m */,
			);
			name = Vendor;
			path = Classes/Vendor;
			sourceTree = "<group>";
		};
		CF3338301B5B03B700C637DE /* Models */ = {
			isa = PBXGroup;
			children = (
				CD6CD9291BD96C07006789AA /* BKAchievement.h */,
				CD6CD92A1BD96C07006789AA /* BKAchievement.m */,
				CD6CD92B1BD96C07006789AA /* BKProject.h */,
				CD6CD92C1BD96C07006789AA /* BKProject.m */,
				CD6CD92D1BD96C07006789AA /* BKReward.h */,
				CD6CD92E1BD96C07006789AA /* BKReward.m */,
				CD6CD92F1BD96C07006789AA /* BKUnlockedAchievement.h */,
				CD6CD9301BD96C07006789AA /* BKUnlockedAchievement.m */,
				CD6CD9311BD96C07006789AA /* BKUserAchievement.h */,
				CD6CD9321BD96C07006789AA /* BKUserAchievement.m */,
			);
			name = Models;
			path = Model;
			sourceTree = "<group>";
		};
		CF33383C1B5B068400C637DE /* Network */ = {
			isa = PBXGroup;
			children = (
				CD6CD9381BD96C1A006789AA /* BKApiService.h */,
				CD6CD9391BD96C1A006789AA /* BKApiService.m */,
				CF3338631B5B2D2600C637DE /* Packets */,
			);
			name = Network;
			path = Model/Network;
			sourceTree = "<group>";
		};
		CF3338631B5B2D2600C637DE /* Packets */ = {
			isa = PBXGroup;
			children = (
				CDFE240C1BD8EE3700506A67 /* Requests */,
				CDFE240B1BD8EE2C00506A67 /* Responses */,
			);
			path = Packets;
			sourceTree = "<group>";
		};
		CFAFC0CB1B6FE26D00FA174B /* Presenter */ = {
			isa = PBXGroup;
			children = (
				CFAFC0CC1B6FE26D00FA174B /* BKAchievementViewController.h */,
				CFAFC0CD1B6FE26D00FA174B /* BKAchievementViewController.m */,
				CFAFC0CE1B6FE26D00FA174B /* BKAchievementViewController.xib */,
			);
			name = Presenter;
			path = Classes/Presenter;
			sourceTree = "<group>";
		};
/* End PBXGroup section */

/* Begin PBXNativeTarget section */
		CF3337851B5ABC1800C637DE /* BadgeKeeper.Sample */ = {
			isa = PBXNativeTarget;
			buildConfigurationList = CF3337A91B5ABC1800C637DE /* Build configuration list for PBXNativeTarget "BadgeKeeper.Sample" */;
			buildPhases = (
				E23C764356F2D3DE8D2EFBF3 /* Check Pods Manifest.lock */,
				CF3337821B5ABC1800C637DE /* Sources */,
				CF3337831B5ABC1800C637DE /* Frameworks */,
				CF3337841B5ABC1800C637DE /* Resources */,
				1C34938C1B95AEC42F3E6803 /* Copy Pods Resources */,
			);
			buildRules = (
			);
			dependencies = (
			);
			name = BadgeKeeper.Sample;
			productName = BadgeKeeper.Sample;
			productReference = CF3337861B5ABC1800C637DE /* BadgeKeeper.Sample.app */;
			productType = "com.apple.product-type.application";
		};
/* End PBXNativeTarget section */

/* Begin PBXProject section */
		CF33377E1B5ABC1800C637DE /* Project object */ = {
			isa = PBXProject;
			attributes = {
				LastUpgradeCheck = 0700;
				ORGANIZATIONNAME = BadgeKeeper;
				TargetAttributes = {
					CF3337851B5ABC1800C637DE = {
						CreatedOnToolsVersion = 6.3;
					};
				};
			};
			buildConfigurationList = CF3337811B5ABC1800C637DE /* Build configuration list for PBXProject "BadgeKeeper.Sample" */;
			compatibilityVersion = "Xcode 3.2";
			developmentRegion = English;
			hasScannedForEncodings = 0;
			knownRegions = (
				en,
				Base,
			);
			mainGroup = CF33377D1B5ABC1800C637DE;
			productRefGroup = CF3337871B5ABC1800C637DE /* Products */;
			projectDirPath = "";
			projectRoot = "";
			targets = (
				CF3337851B5ABC1800C637DE /* BadgeKeeper.Sample */,
			);
		};
/* End PBXProject section */

/* Begin PBXResourcesBuildPhase section */
		CF3337841B5ABC1800C637DE /* Resources */ = {
			isa = PBXResourcesBuildPhase;
			buildActionMask = 2147483647;
			files = (
				CF3337971B5ABC1800C637DE /* Images.xcassets in Resources */,
				CFAFC0D01B6FE26D00FA174B /* BKAchievementViewController.xib in Resources */,
			);
			runOnlyForDeploymentPostprocessing = 0;
		};
/* End PBXResourcesBuildPhase section */

/* Begin PBXShellScriptBuildPhase section */
		1C34938C1B95AEC42F3E6803 /* Copy Pods Resources */ = {
			isa = PBXShellScriptBuildPhase;
			buildActionMask = 2147483647;
			files = (
			);
			inputPaths = (
			);
			name = "Copy Pods Resources";
			outputPaths = (
			);
			runOnlyForDeploymentPostprocessing = 0;
			shellPath = /bin/sh;
			shellScript = "\"${SRCROOT}/Pods/Target Support Files/Pods-BadgeKeeper.Sample/Pods-BadgeKeeper.Sample-resources.sh\"\n";
			showEnvVarsInLog = 0;
		};
		E23C764356F2D3DE8D2EFBF3 /* Check Pods Manifest.lock */ = {
			isa = PBXShellScriptBuildPhase;
			buildActionMask = 2147483647;
			files = (
			);
			inputPaths = (
			);
			name = "Check Pods Manifest.lock";
			outputPaths = (
			);
			runOnlyForDeploymentPostprocessing = 0;
			shellPath = /bin/sh;
			shellScript = "diff \"${PODS_ROOT}/../Podfile.lock\" \"${PODS_ROOT}/Manifest.lock\" > /dev/null\nif [[ $? != 0 ]] ; then\n    cat << EOM\nerror: The sandbox is not in sync with the Podfile.lock. Run 'pod install' or update your CocoaPods installation.\nEOM\n    exit 1\nfi\n";
			showEnvVarsInLog = 0;
		};
/* End PBXShellScriptBuildPhase section */

/* Begin PBXSourcesBuildPhase section */
		CF3337821B5ABC1800C637DE /* Sources */ = {
			isa = PBXSourcesBuildPhase;
			buildActionMask = 2147483647;
			files = (
				CD6CD9371BD96C07006789AA /* BKUserAchievement.m in Sources */,
				CD6CD9561BD96C39006789AA /* BKApiResponse.m in Sources */,
				CF33378F1B5ABC1800C637DE /* AppDelegate.m in Sources */,
				CD6CD9451BD96C2B006789AA /* BKApiRequest.m in Sources */,
				CD6CD9341BD96C07006789AA /* BKProject.m in Sources */,
				CD6CD9491BD96C2B006789AA /* BKApiRequestSetUserChanges.m in Sources */,
				CD6CD9581BD96C39006789AA /* BKApiResponseGetProjectAchievements.m in Sources */,
				CF33378C1B5ABC1800C637DE /* main.m in Sources */,
				CD6CD9331BD96C07006789AA /* BKAchievement.m in Sources */,
				CD6CD9461BD96C2B006789AA /* BKApiRequestGetProjectAchievements.m in Sources */,
				CD6CD9571BD96C39006789AA /* BKApiResponseError.m in Sources */,
				CFAFC0CF1B6FE26D00FA174B /* BKAchievementViewController.m in Sources */,
				CD6CD93A1BD96C1A006789AA /* BKApiService.m in Sources */,
				CD78EA111BB9F097003289B5 /* BKEntityStorage.m in Sources */,
				CF3337E21B5AFB3800C637DE /* BadgeKeeper.m in Sources */,
				CD78EA0C1BB9E8F6003289B5 /* BKEntityAchievement.m in Sources */,
				CD6CD9281BD96BFC006789AA /* BKPair.m in Sources */,
				CD78EA0E1BB9E8F6003289B5 /* BKEntityReward.m in Sources */,
				CD6CD95B1BD96C39006789AA /* BKApiResponseSetUserChanges.m in Sources */,
				CD6CD9271BD96BFC006789AA /* BKObject.m in Sources */,
				CD6CD9471BD96C2B006789AA /* BKApiRequestGetUserAchievements.m in Sources */,
				CD6CD9361BD96C07006789AA /* BKUnlockedAchievement.m in Sources */,
				CD6CD9351BD96C07006789AA /* BKReward.m in Sources */,
				CD6CD95A1BD96C39006789AA /* BKApiResponseIncrementUserChanges.m in Sources */,
				CD6CD9591BD96C39006789AA /* BKApiResponseGetUserAchievements.m in Sources */,
				CD6CD9481BD96C2B006789AA /* BKApiRequestIncrementUserChanges.m in Sources */,
			);
			runOnlyForDeploymentPostprocessing = 0;
		};
/* End PBXSourcesBuildPhase section */

/* Begin XCBuildConfiguration section */
		CF3337A71B5ABC1800C637DE /* Debug */ = {
			isa = XCBuildConfiguration;
			buildSettings = {
				ALWAYS_SEARCH_USER_PATHS = NO;
				CLANG_CXX_LANGUAGE_STANDARD = "gnu++0x";
				CLANG_CXX_LIBRARY = "libc++";
				CLANG_ENABLE_MODULES = YES;
				CLANG_ENABLE_OBJC_ARC = YES;
				CLANG_WARN_BOOL_CONVERSION = YES;
				CLANG_WARN_CONSTANT_CONVERSION = YES;
				CLANG_WARN_DIRECT_OBJC_ISA_USAGE = YES_ERROR;
				CLANG_WARN_EMPTY_BODY = YES;
				CLANG_WARN_ENUM_CONVERSION = YES;
				CLANG_WARN_INT_CONVERSION = YES;
				CLANG_WARN_OBJC_ROOT_CLASS = YES_ERROR;
				CLANG_WARN_UNREACHABLE_CODE = YES;
				CLANG_WARN__DUPLICATE_METHOD_MATCH = YES;
				"CODE_SIGN_IDENTITY[sdk=iphoneos*]" = "iPhone Developer";
				COPY_PHASE_STRIP = NO;
				DEBUG_INFORMATION_FORMAT = "dwarf-with-dsym";
				ENABLE_STRICT_OBJC_MSGSEND = YES;
				ENABLE_TESTABILITY = YES;
				GCC_C_LANGUAGE_STANDARD = gnu99;
				GCC_DYNAMIC_NO_PIC = NO;
				GCC_NO_COMMON_BLOCKS = YES;
				GCC_OPTIMIZATION_LEVEL = 0;
				GCC_PREPROCESSOR_DEFINITIONS = (
					"DEBUG=1",
					"$(inherited)",
				);
				GCC_SYMBOLS_PRIVATE_EXTERN = NO;
				GCC_WARN_64_TO_32_BIT_CONVERSION = YES;
				GCC_WARN_ABOUT_RETURN_TYPE = YES_ERROR;
				GCC_WARN_UNDECLARED_SELECTOR = YES;
				GCC_WARN_UNINITIALIZED_AUTOS = YES_AGGRESSIVE;
				GCC_WARN_UNUSED_FUNCTION = YES;
				GCC_WARN_UNUSED_VARIABLE = YES;
				IPHONEOS_DEPLOYMENT_TARGET = 7.0;
				MTL_ENABLE_DEBUG_INFO = YES;
				ONLY_ACTIVE_ARCH = YES;
				SDKROOT = iphoneos;
			};
			name = Debug;
		};
		CF3337A81B5ABC1800C637DE /* Release */ = {
			isa = XCBuildConfiguration;
			buildSettings = {
				ALWAYS_SEARCH_USER_PATHS = NO;
				CLANG_CXX_LANGUAGE_STANDARD = "gnu++0x";
				CLANG_CXX_LIBRARY = "libc++";
				CLANG_ENABLE_MODULES = YES;
				CLANG_ENABLE_OBJC_ARC = YES;
				CLANG_WARN_BOOL_CONVERSION = YES;
				CLANG_WARN_CONSTANT_CONVERSION = YES;
				CLANG_WARN_DIRECT_OBJC_ISA_USAGE = YES_ERROR;
				CLANG_WARN_EMPTY_BODY = YES;
				CLANG_WARN_ENUM_CONVERSION = YES;
				CLANG_WARN_INT_CONVERSION = YES;
				CLANG_WARN_OBJC_ROOT_CLASS = YES_ERROR;
				CLANG_WARN_UNREACHABLE_CODE = YES;
				CLANG_WARN__DUPLICATE_METHOD_MATCH = YES;
				"CODE_SIGN_IDENTITY[sdk=iphoneos*]" = "iPhone Developer";
				COPY_PHASE_STRIP = NO;
				DEBUG_INFORMATION_FORMAT = "dwarf-with-dsym";
				ENABLE_NS_ASSERTIONS = NO;
				ENABLE_STRICT_OBJC_MSGSEND = YES;
				GCC_C_LANGUAGE_STANDARD = gnu99;
				GCC_NO_COMMON_BLOCKS = YES;
				GCC_WARN_64_TO_32_BIT_CONVERSION = YES;
				GCC_WARN_ABOUT_RETURN_TYPE = YES_ERROR;
				GCC_WARN_UNDECLARED_SELECTOR = YES;
				GCC_WARN_UNINITIALIZED_AUTOS = YES_AGGRESSIVE;
				GCC_WARN_UNUSED_FUNCTION = YES;
				GCC_WARN_UNUSED_VARIABLE = YES;
				IPHONEOS_DEPLOYMENT_TARGET = 7.0;
				MTL_ENABLE_DEBUG_INFO = NO;
				SDKROOT = iphoneos;
				VALIDATE_PRODUCT = YES;
			};
			name = Release;
		};
		CF3337AA1B5ABC1800C637DE /* Debug */ = {
			isa = XCBuildConfiguration;
			baseConfigurationReference = 03B3267B0F25927496E778AE /* Pods-BadgeKeeper.Sample.debug.xcconfig */;
			buildSettings = {
				ASSETCATALOG_COMPILER_APPICON_NAME = AppIcon;
				ASSETCATALOG_COMPILER_LAUNCHIMAGE_NAME = LaunchImage;
				INFOPLIST_FILE = BadgeKeeper.Sample/Info.plist;
				LD_RUNPATH_SEARCH_PATHS = "$(inherited) @executable_path/Frameworks";
				PRODUCT_BUNDLE_IDENTIFIER = "com.badgekeeper.$(PRODUCT_NAME:rfc1034identifier)";
				PRODUCT_NAME = BadgeKeeper.Sample;
			};
			name = Debug;
		};
		CF3337AB1B5ABC1800C637DE /* Release */ = {
			isa = XCBuildConfiguration;
			baseConfigurationReference = A2913841EEAED56730607715 /* Pods-BadgeKeeper.Sample.release.xcconfig */;
			buildSettings = {
				ASSETCATALOG_COMPILER_APPICON_NAME = AppIcon;
				ASSETCATALOG_COMPILER_LAUNCHIMAGE_NAME = LaunchImage;
				INFOPLIST_FILE = BadgeKeeper.Sample/Info.plist;
				LD_RUNPATH_SEARCH_PATHS = "$(inherited) @executable_path/Frameworks";
				PRODUCT_BUNDLE_IDENTIFIER = "com.badgekeeper.$(PRODUCT_NAME:rfc1034identifier)";
				PRODUCT_NAME = BadgeKeeper.Sample;
			};
			name = Release;
		};
/* End XCBuildConfiguration section */

/* Begin XCConfigurationList section */
		CF3337811B5ABC1800C637DE /* Build configuration list for PBXProject "BadgeKeeper.Sample" */ = {
			isa = XCConfigurationList;
			buildConfigurations = (
				CF3337A71B5ABC1800C637DE /* Debug */,
				CF3337A81B5ABC1800C637DE /* Release */,
			);
			defaultConfigurationIsVisible = 0;
			defaultConfigurationName = Release;
		};
		CF3337A91B5ABC1800C637DE /* Build configuration list for PBXNativeTarget "BadgeKeeper.Sample" */ = {
			isa = XCConfigurationList;
			buildConfigurations = (
				CF3337AA1B5ABC1800C637DE /* Debug */,
				CF3337AB1B5ABC1800C637DE /* Release */,
			);
			defaultConfigurationIsVisible = 0;
			defaultConfigurationName = Release;
		};
/* End XCConfigurationList section */
	};
	rootObject = CF33377E1B5ABC1800C637DE /* Project object */;
}
