// !$*UTF8*$!
{
	archiveVersion = 1;
	classes = {
	};
	objectVersion = 46;
	objects = {

/* Begin PBXBuildFile section */
		3FF36A872DB6ADA4C97B712D /* libPods-BadgeKeeper.Sample.a in Frameworks */ = {isa = PBXBuildFile; fileRef = CE1DABCEA08C3A78C92193BD /* libPods-BadgeKeeper.Sample.a */; };
		CD043E2D1BD95F1000B62664 /* BKApiResponseSetUserChanges.m in Sources */ = {isa = PBXBuildFile; fileRef = CD043E2C1BD95F1000B62664 /* BKApiResponseSetUserChanges.m */; settings = {ASSET_TAGS = (); }; };
		CD043E301BD95FA900B62664 /* BKApiResponseIncrementUserChanges.m in Sources */ = {isa = PBXBuildFile; fileRef = CD043E2F1BD95FA900B62664 /* BKApiResponseIncrementUserChanges.m */; settings = {ASSET_TAGS = (); }; };
		CD263CB71BB70EFA00B379DF /* BKApiRequestIncrementUserChanges.m in Sources */ = {isa = PBXBuildFile; fileRef = CD263CB61BB70EFA00B379DF /* BKApiRequestIncrementUserChanges.m */; settings = {ASSET_TAGS = (); }; };
		CD78EA0C1BB9E8F6003289B5 /* BKEntityAchievement.m in Sources */ = {isa = PBXBuildFile; fileRef = CD78EA061BB9E8F6003289B5 /* BKEntityAchievement.m */; settings = {ASSET_TAGS = (); }; };
		CD78EA0E1BB9E8F6003289B5 /* BKEntityReward.m in Sources */ = {isa = PBXBuildFile; fileRef = CD78EA0A1BB9E8F6003289B5 /* BKEntityReward.m */; settings = {ASSET_TAGS = (); }; };
		CD78EA111BB9F097003289B5 /* BKEntityStorage.m in Sources */ = {isa = PBXBuildFile; fileRef = CD78EA101BB9F097003289B5 /* BKEntityStorage.m */; settings = {ASSET_TAGS = (); }; };
		CD7E22931BD82134000BDDBA /* BKProject.m in Sources */ = {isa = PBXBuildFile; fileRef = CD7E22921BD82134000BDDBA /* BKProject.m */; settings = {ASSET_TAGS = (); }; };
		CD7E22961BD82351000BDDBA /* BKReward.m in Sources */ = {isa = PBXBuildFile; fileRef = CD7E22951BD82351000BDDBA /* BKReward.m */; settings = {ASSET_TAGS = (); }; };
		CD7E22991BD82793000BDDBA /* BKApiResponse.m in Sources */ = {isa = PBXBuildFile; fileRef = CD7E22981BD82793000BDDBA /* BKApiResponse.m */; settings = {ASSET_TAGS = (); }; };
		CD7E229C1BD827C5000BDDBA /* BKApiResponseError.m in Sources */ = {isa = PBXBuildFile; fileRef = CD7E229B1BD827C5000BDDBA /* BKApiResponseError.m */; settings = {ASSET_TAGS = (); }; };
		CDFE240F1BD9542C00506A67 /* BKApiResponseGetProjectAchievements.m in Sources */ = {isa = PBXBuildFile; fileRef = CDFE240E1BD9542C00506A67 /* BKApiResponseGetProjectAchievements.m */; settings = {ASSET_TAGS = (); }; };
		CDFE24121BD9557600506A67 /* BKApiResponseGetUserAchievements.m in Sources */ = {isa = PBXBuildFile; fileRef = CDFE24111BD9557600506A67 /* BKApiResponseGetUserAchievements.m */; settings = {ASSET_TAGS = (); }; };
		CF33378C1B5ABC1800C637DE /* main.m in Sources */ = {isa = PBXBuildFile; fileRef = CF33378B1B5ABC1800C637DE /* main.m */; };
		CF33378F1B5ABC1800C637DE /* AppDelegate.m in Sources */ = {isa = PBXBuildFile; fileRef = CF33378E1B5ABC1800C637DE /* AppDelegate.m */; };
		CF3337971B5ABC1800C637DE /* Images.xcassets in Resources */ = {isa = PBXBuildFile; fileRef = CF3337961B5ABC1800C637DE /* Images.xcassets */; };
		CF3337E21B5AFB3800C637DE /* BadgeKeeper.m in Sources */ = {isa = PBXBuildFile; fileRef = CF3337E11B5AFB3800C637DE /* BadgeKeeper.m */; };
		CF33383B1B5B03E600C637DE /* BKPair.m in Sources */ = {isa = PBXBuildFile; fileRef = CF33383A1B5B03E600C637DE /* BKPair.m */; };
		CF33383F1B5B069300C637DE /* BKApiService.m in Sources */ = {isa = PBXBuildFile; fileRef = CF33383E1B5B069300C637DE /* BKApiService.m */; };
		CF3338511B5B20CC00C637DE /* BKObject.m in Sources */ = {isa = PBXBuildFile; fileRef = CF3338501B5B20CC00C637DE /* BKObject.m */; };
		CF33385F1B5B25D200C637DE /* BKAchievement.m in Sources */ = {isa = PBXBuildFile; fileRef = CF3338571B5B25D200C637DE /* BKAchievement.m */; };
		CF3338601B5B25D200C637DE /* BKUserAchievement.m in Sources */ = {isa = PBXBuildFile; fileRef = CF3338591B5B25D200C637DE /* BKUserAchievement.m */; };
		CF3338611B5B25D200C637DE /* BKUnlockedAchievement.m in Sources */ = {isa = PBXBuildFile; fileRef = CF33385C1B5B25D200C637DE /* BKUnlockedAchievement.m */; };
		CF3338661B5B2D3100C637DE /* BKApiRequest.m in Sources */ = {isa = PBXBuildFile; fileRef = CF3338651B5B2D3000C637DE /* BKApiRequest.m */; };
		CF3338691B5B2E8800C637DE /* BKApiRequestGetProjectAchievements.m in Sources */ = {isa = PBXBuildFile; fileRef = CF3338681B5B2E8800C637DE /* BKApiRequestGetProjectAchievements.m */; };
		CF33386C1B5B356C00C637DE /* BKApiRequestGetUserAchievements.m in Sources */ = {isa = PBXBuildFile; fileRef = CF33386B1B5B356C00C637DE /* BKApiRequestGetUserAchievements.m */; };
		CFAFC0CF1B6FE26D00FA174B /* BKAchievementViewController.m in Sources */ = {isa = PBXBuildFile; fileRef = CFAFC0CD1B6FE26D00FA174B /* BKAchievementViewController.m */; };
		CFAFC0D01B6FE26D00FA174B /* BKAchievementViewController.xib in Resources */ = {isa = PBXBuildFile; fileRef = CFAFC0CE1B6FE26D00FA174B /* BKAchievementViewController.xib */; };
		CFCE2FCE1B628EB300D4C0B8 /* BKApiRequestSetUserChanges.m in Sources */ = {isa = PBXBuildFile; fileRef = CFCE2FCD1B628EB300D4C0B8 /* BKApiRequestSetUserChanges.m */; };
/* End PBXBuildFile section */

/* Begin PBXFileReference section */
		03B3267B0F25927496E778AE /* Pods-BadgeKeeper.Sample.debug.xcconfig */ = {isa = PBXFileReference; includeInIndex = 1; lastKnownFileType = text.xcconfig; name = "Pods-BadgeKeeper.Sample.debug.xcconfig"; path = "Pods/Target Support Files/Pods-BadgeKeeper.Sample/Pods-BadgeKeeper.Sample.debug.xcconfig"; sourceTree = "<group>"; };
		A2913841EEAED56730607715 /* Pods-BadgeKeeper.Sample.release.xcconfig */ = {isa = PBXFileReference; includeInIndex = 1; lastKnownFileType = text.xcconfig; name = "Pods-BadgeKeeper.Sample.release.xcconfig"; path = "Pods/Target Support Files/Pods-BadgeKeeper.Sample/Pods-BadgeKeeper.Sample.release.xcconfig"; sourceTree = "<group>"; };
		CD043E2B1BD95F1000B62664 /* BKApiResponseSetUserChanges.h */ = {isa = PBXFileReference; fileEncoding = 4; lastKnownFileType = sourcecode.c.h; path = BKApiResponseSetUserChanges.h; sourceTree = "<group>"; };
		CD043E2C1BD95F1000B62664 /* BKApiResponseSetUserChanges.m */ = {isa = PBXFileReference; fileEncoding = 4; lastKnownFileType = sourcecode.c.objc; path = BKApiResponseSetUserChanges.m; sourceTree = "<group>"; };
		CD043E2E1BD95FA900B62664 /* BKApiResponseIncrementUserChanges.h */ = {isa = PBXFileReference; fileEncoding = 4; lastKnownFileType = sourcecode.c.h; path = BKApiResponseIncrementUserChanges.h; sourceTree = "<group>"; };
		CD043E2F1BD95FA900B62664 /* BKApiResponseIncrementUserChanges.m */ = {isa = PBXFileReference; fileEncoding = 4; lastKnownFileType = sourcecode.c.objc; path = BKApiResponseIncrementUserChanges.m; sourceTree = "<group>"; };
		CD263CB51BB70EFA00B379DF /* BKApiRequestIncrementUserChanges.h */ = {isa = PBXFileReference; fileEncoding = 4; lastKnownFileType = sourcecode.c.h; path = BKApiRequestIncrementUserChanges.h; sourceTree = "<group>"; };
		CD263CB61BB70EFA00B379DF /* BKApiRequestIncrementUserChanges.m */ = {isa = PBXFileReference; fileEncoding = 4; lastKnownFileType = sourcecode.c.objc; path = BKApiRequestIncrementUserChanges.m; sourceTree = "<group>"; };
		CD78EA051BB9E8F6003289B5 /* BKEntityAchievement.h */ = {isa = PBXFileReference; fileEncoding = 4; lastKnownFileType = sourcecode.c.h; name = BKEntityAchievement.h; path = Entities/BKEntityAchievement.h; sourceTree = "<group>"; };
		CD78EA061BB9E8F6003289B5 /* BKEntityAchievement.m */ = {isa = PBXFileReference; fileEncoding = 4; lastKnownFileType = sourcecode.c.objc; name = BKEntityAchievement.m; path = Entities/BKEntityAchievement.m; sourceTree = "<group>"; };
		CD78EA091BB9E8F6003289B5 /* BKEntityReward.h */ = {isa = PBXFileReference; fileEncoding = 4; lastKnownFileType = sourcecode.c.h; name = BKEntityReward.h; path = Entities/BKEntityReward.h; sourceTree = "<group>"; };
		CD78EA0A1BB9E8F6003289B5 /* BKEntityReward.m */ = {isa = PBXFileReference; fileEncoding = 4; lastKnownFileType = sourcecode.c.objc; name = BKEntityReward.m; path = Entities/BKEntityReward.m; sourceTree = "<group>"; };
		CD78EA0F1BB9F097003289B5 /* BKEntityStorage.h */ = {isa = PBXFileReference; fileEncoding = 4; lastKnownFileType = sourcecode.c.h; name = BKEntityStorage.h; path = Entities/BKEntityStorage.h; sourceTree = "<group>"; };
		CD78EA101BB9F097003289B5 /* BKEntityStorage.m */ = {isa = PBXFileReference; fileEncoding = 4; lastKnownFileType = sourcecode.c.objc; name = BKEntityStorage.m; path = Entities/BKEntityStorage.m; sourceTree = "<group>"; };
		CD7E22911BD82134000BDDBA /* BKProject.h */ = {isa = PBXFileReference; fileEncoding = 4; lastKnownFileType = sourcecode.c.h; name = BKProject.h; path = Objects/BKProject.h; sourceTree = "<group>"; };
		CD7E22921BD82134000BDDBA /* BKProject.m */ = {isa = PBXFileReference; fileEncoding = 4; lastKnownFileType = sourcecode.c.objc; name = BKProject.m; path = Objects/BKProject.m; sourceTree = "<group>"; };
		CD7E22941BD82351000BDDBA /* BKReward.h */ = {isa = PBXFileReference; fileEncoding = 4; lastKnownFileType = sourcecode.c.h; name = BKReward.h; path = Objects/BKReward.h; sourceTree = "<group>"; };
		CD7E22951BD82351000BDDBA /* BKReward.m */ = {isa = PBXFileReference; fileEncoding = 4; lastKnownFileType = sourcecode.c.objc; name = BKReward.m; path = Objects/BKReward.m; sourceTree = "<group>"; };
		CD7E22971BD82793000BDDBA /* BKApiResponse.h */ = {isa = PBXFileReference; fileEncoding = 4; lastKnownFileType = sourcecode.c.h; name = BKApiResponse.h; path = ../BKApiResponse.h; sourceTree = "<group>"; };
		CD7E22981BD82793000BDDBA /* BKApiResponse.m */ = {isa = PBXFileReference; fileEncoding = 4; lastKnownFileType = sourcecode.c.objc; name = BKApiResponse.m; path = ../BKApiResponse.m; sourceTree = "<group>"; };
		CD7E229A1BD827C5000BDDBA /* BKApiResponseError.h */ = {isa = PBXFileReference; fileEncoding = 4; lastKnownFileType = sourcecode.c.h; name = BKApiResponseError.h; path = ../BKApiResponseError.h; sourceTree = "<group>"; };
		CD7E229B1BD827C5000BDDBA /* BKApiResponseError.m */ = {isa = PBXFileReference; fileEncoding = 4; lastKnownFileType = sourcecode.c.objc; name = BKApiResponseError.m; path = ../BKApiResponseError.m; sourceTree = "<group>"; };
		CDFE240D1BD9542C00506A67 /* BKApiResponseGetProjectAchievements.h */ = {isa = PBXFileReference; fileEncoding = 4; lastKnownFileType = sourcecode.c.h; path = BKApiResponseGetProjectAchievements.h; sourceTree = "<group>"; };
		CDFE240E1BD9542C00506A67 /* BKApiResponseGetProjectAchievements.m */ = {isa = PBXFileReference; fileEncoding = 4; lastKnownFileType = sourcecode.c.objc; path = BKApiResponseGetProjectAchievements.m; sourceTree = "<group>"; };
		CDFE24101BD9557600506A67 /* BKApiResponseGetUserAchievements.h */ = {isa = PBXFileReference; fileEncoding = 4; lastKnownFileType = sourcecode.c.h; path = BKApiResponseGetUserAchievements.h; sourceTree = "<group>"; };
		CDFE24111BD9557600506A67 /* BKApiResponseGetUserAchievements.m */ = {isa = PBXFileReference; fileEncoding = 4; lastKnownFileType = sourcecode.c.objc; path = BKApiResponseGetUserAchievements.m; sourceTree = "<group>"; };
		CE1DABCEA08C3A78C92193BD /* libPods-BadgeKeeper.Sample.a */ = {isa = PBXFileReference; explicitFileType = archive.ar; includeInIndex = 0; path = "libPods-BadgeKeeper.Sample.a"; sourceTree = BUILT_PRODUCTS_DIR; };
		CF3337861B5ABC1800C637DE /* BadgeKeeper.Sample.app */ = {isa = PBXFileReference; explicitFileType = wrapper.application; includeInIndex = 0; path = BadgeKeeper.Sample.app; sourceTree = BUILT_PRODUCTS_DIR; };
		CF33378A1B5ABC1800C637DE /* Info.plist */ = {isa = PBXFileReference; lastKnownFileType = text.plist.xml; path = Info.plist; sourceTree = "<group>"; };
		CF33378B1B5ABC1800C637DE /* main.m */ = {isa = PBXFileReference; lastKnownFileType = sourcecode.c.objc; path = main.m; sourceTree = "<group>"; };
		CF33378D1B5ABC1800C637DE /* AppDelegate.h */ = {isa = PBXFileReference; lastKnownFileType = sourcecode.c.h; path = AppDelegate.h; sourceTree = "<group>"; };
		CF33378E1B5ABC1800C637DE /* AppDelegate.m */ = {isa = PBXFileReference; lastKnownFileType = sourcecode.c.objc; path = AppDelegate.m; sourceTree = "<group>"; };
		CF3337961B5ABC1800C637DE /* Images.xcassets */ = {isa = PBXFileReference; lastKnownFileType = folder.assetcatalog; path = Images.xcassets; sourceTree = "<group>"; };
		CF3337E01B5AFB3800C637DE /* BadgeKeeper.h */ = {isa = PBXFileReference; fileEncoding = 4; lastKnownFileType = sourcecode.c.h; path = BadgeKeeper.h; sourceTree = "<group>"; };
		CF3337E11B5AFB3800C637DE /* BadgeKeeper.m */ = {isa = PBXFileReference; fileEncoding = 4; lastKnownFileType = sourcecode.c.objc; path = BadgeKeeper.m; sourceTree = "<group>"; };
		CF3338391B5B03E600C637DE /* BKPair.h */ = {isa = PBXFileReference; fileEncoding = 4; lastKnownFileType = sourcecode.c.h; name = BKPair.h; path = Model/Objects/BKPair.h; sourceTree = "<group>"; };
		CF33383A1B5B03E600C637DE /* BKPair.m */ = {isa = PBXFileReference; fileEncoding = 4; lastKnownFileType = sourcecode.c.objc; name = BKPair.m; path = Model/Objects/BKPair.m; sourceTree = "<group>"; };
		CF33383D1B5B069300C637DE /* BKApiService.h */ = {isa = PBXFileReference; fileEncoding = 4; lastKnownFileType = sourcecode.c.h; path = BKApiService.h; sourceTree = "<group>"; };
		CF33383E1B5B069300C637DE /* BKApiService.m */ = {isa = PBXFileReference; fileEncoding = 4; lastKnownFileType = sourcecode.c.objc; path = BKApiService.m; sourceTree = "<group>"; };
		CF33384F1B5B20CC00C637DE /* BKObject.h */ = {isa = PBXFileReference; fileEncoding = 4; lastKnownFileType = sourcecode.c.h; name = BKObject.h; path = Model/Objects/BKObject.h; sourceTree = "<group>"; };
		CF3338501B5B20CC00C637DE /* BKObject.m */ = {isa = PBXFileReference; fileEncoding = 4; lastKnownFileType = sourcecode.c.objc; name = BKObject.m; path = Model/Objects/BKObject.m; sourceTree = "<group>"; };
		CF3338561B5B25D200C637DE /* BKAchievement.h */ = {isa = PBXFileReference; fileEncoding = 4; lastKnownFileType = sourcecode.c.h; name = BKAchievement.h; path = Objects/ProjectAchievement/BKAchievement.h; sourceTree = "<group>"; };
		CF3338571B5B25D200C637DE /* BKAchievement.m */ = {isa = PBXFileReference; fileEncoding = 4; lastKnownFileType = sourcecode.c.objc; name = BKAchievement.m; path = Objects/ProjectAchievement/BKAchievement.m; sourceTree = "<group>"; };
		CF3338581B5B25D200C637DE /* BKUserAchievement.h */ = {isa = PBXFileReference; fileEncoding = 4; lastKnownFileType = sourcecode.c.h; name = BKUserAchievement.h; path = Objects/ProjectAchievement/BKUserAchievement.h; sourceTree = "<group>"; };
		CF3338591B5B25D200C637DE /* BKUserAchievement.m */ = {isa = PBXFileReference; fileEncoding = 4; lastKnownFileType = sourcecode.c.objc; name = BKUserAchievement.m; path = Objects/ProjectAchievement/BKUserAchievement.m; sourceTree = "<group>"; };
		CF33385B1B5B25D200C637DE /* BKUnlockedAchievement.h */ = {isa = PBXFileReference; fileEncoding = 4; lastKnownFileType = sourcecode.c.h; name = BKUnlockedAchievement.h; path = Objects/UnlockedUserAchievement/BKUnlockedAchievement.h; sourceTree = "<group>"; };
		CF33385C1B5B25D200C637DE /* BKUnlockedAchievement.m */ = {isa = PBXFileReference; fileEncoding = 4; lastKnownFileType = sourcecode.c.objc; name = BKUnlockedAchievement.m; path = Objects/UnlockedUserAchievement/BKUnlockedAchievement.m; sourceTree = "<group>"; };
		CF3338641B5B2D3000C637DE /* BKApiRequest.h */ = {isa = PBXFileReference; fileEncoding = 4; lastKnownFileType = sourcecode.c.h; path = BKApiRequest.h; sourceTree = "<group>"; };
		CF3338651B5B2D3000C637DE /* BKApiRequest.m */ = {isa = PBXFileReference; fileEncoding = 4; lastKnownFileType = sourcecode.c.objc; path = BKApiRequest.m; sourceTree = "<group>"; };
		CF3338671B5B2E8800C637DE /* BKApiRequestGetProjectAchievements.h */ = {isa = PBXFileReference; fileEncoding = 4; lastKnownFileType = sourcecode.c.h; path = BKApiRequestGetProjectAchievements.h; sourceTree = "<group>"; };
		CF3338681B5B2E8800C637DE /* BKApiRequestGetProjectAchievements.m */ = {isa = PBXFileReference; fileEncoding = 4; lastKnownFileType = sourcecode.c.objc; path = BKApiRequestGetProjectAchievements.m; sourceTree = "<group>"; };
		CF33386A1B5B356C00C637DE /* BKApiRequestGetUserAchievements.h */ = {isa = PBXFileReference; fileEncoding = 4; lastKnownFileType = sourcecode.c.h; path = BKApiRequestGetUserAchievements.h; sourceTree = "<group>"; };
		CF33386B1B5B356C00C637DE /* BKApiRequestGetUserAchievements.m */ = {isa = PBXFileReference; fileEncoding = 4; lastKnownFileType = sourcecode.c.objc; path = BKApiRequestGetUserAchievements.m; sourceTree = "<group>"; };
		CFAFC0CC1B6FE26D00FA174B /* BKAchievementViewController.h */ = {isa = PBXFileReference; fileEncoding = 4; lastKnownFileType = sourcecode.c.h; path = BKAchievementViewController.h; sourceTree = "<group>"; };
		CFAFC0CD1B6FE26D00FA174B /* BKAchievementViewController.m */ = {isa = PBXFileReference; fileEncoding = 4; lastKnownFileType = sourcecode.c.objc; path = BKAchievementViewController.m; sourceTree = "<group>"; };
		CFAFC0CE1B6FE26D00FA174B /* BKAchievementViewController.xib */ = {isa = PBXFileReference; fileEncoding = 4; lastKnownFileType = file.xib; path = BKAchievementViewController.xib; sourceTree = "<group>"; };
		CFCE2FCC1B628EB300D4C0B8 /* BKApiRequestSetUserChanges.h */ = {isa = PBXFileReference; fileEncoding = 4; lastKnownFileType = sourcecode.c.h; path = BKApiRequestSetUserChanges.h; sourceTree = "<group>"; };
		CFCE2FCD1B628EB300D4C0B8 /* BKApiRequestSetUserChanges.m */ = {isa = PBXFileReference; fileEncoding = 4; lastKnownFileType = sourcecode.c.objc; path = BKApiRequestSetUserChanges.m; sourceTree = "<group>"; };
/* End PBXFileReference section */

/* Begin PBXFrameworksBuildPhase section */
		CF3337831B5ABC1800C637DE /* Frameworks */ = {
			isa = PBXFrameworksBuildPhase;
			buildActionMask = 2147483647;
			files = (
				3FF36A872DB6ADA4C97B712D /* libPods-BadgeKeeper.Sample.a in Frameworks */,
			);
			runOnlyForDeploymentPostprocessing = 0;
		};
/* End PBXFrameworksBuildPhase section */

/* Begin PBXGroup section */
		A2164DA331A95637AA50B022 /* Pods */ = {
			isa = PBXGroup;
			children = (
				03B3267B0F25927496E778AE /* Pods-BadgeKeeper.Sample.debug.xcconfig */,
				A2913841EEAED56730607715 /* Pods-BadgeKeeper.Sample.release.xcconfig */,
			);
			name = Pods;
			sourceTree = "<group>";
		};
		B95582872D848A99B2C22F67 /* Frameworks */ = {
			isa = PBXGroup;
			children = (
				CE1DABCEA08C3A78C92193BD /* libPods-BadgeKeeper.Sample.a */,
			);
			name = Frameworks;
			sourceTree = "<group>";
		};
		CD78E9FF1BB9E72D003289B5 /* Entities */ = {
			isa = PBXGroup;
			children = (
				CD78EA051BB9E8F6003289B5 /* BKEntityAchievement.h */,
				CD78EA061BB9E8F6003289B5 /* BKEntityAchievement.m */,
				CD78EA091BB9E8F6003289B5 /* BKEntityReward.h */,
				CD78EA0A1BB9E8F6003289B5 /* BKEntityReward.m */,
				CD78EA0F1BB9F097003289B5 /* BKEntityStorage.h */,
				CD78EA101BB9F097003289B5 /* BKEntityStorage.m */,
			);
			name = Entities;
			sourceTree = "<group>";
		};
		CD7E22901BD81DA5000BDDBA /* Objects */ = {
			isa = PBXGroup;
			children = (
				CF3338301B5B03B700C637DE /* Models */,
				CF33384F1B5B20CC00C637DE /* BKObject.h */,
				CF3338501B5B20CC00C637DE /* BKObject.m */,
				CF3338391B5B03E600C637DE /* BKPair.h */,
				CF33383A1B5B03E600C637DE /* BKPair.m */,
			);
			name = Objects;
			sourceTree = "<group>";
		};
		CDFE240B1BD8EE2C00506A67 /* Response */ = {
			isa = PBXGroup;
			children = (
				CD7E22971BD82793000BDDBA /* BKApiResponse.h */,
				CD7E22981BD82793000BDDBA /* BKApiResponse.m */,
				CD7E229A1BD827C5000BDDBA /* BKApiResponseError.h */,
				CD7E229B1BD827C5000BDDBA /* BKApiResponseError.m */,
				CDFE240D1BD9542C00506A67 /* BKApiResponseGetProjectAchievements.h */,
				CDFE240E1BD9542C00506A67 /* BKApiResponseGetProjectAchievements.m */,
				CDFE24101BD9557600506A67 /* BKApiResponseGetUserAchievements.h */,
				CDFE24111BD9557600506A67 /* BKApiResponseGetUserAchievements.m */,
				CD043E2B1BD95F1000B62664 /* BKApiResponseSetUserChanges.h */,
				CD043E2C1BD95F1000B62664 /* BKApiResponseSetUserChanges.m */,
				CD043E2E1BD95FA900B62664 /* BKApiResponseIncrementUserChanges.h */,
				CD043E2F1BD95FA900B62664 /* BKApiResponseIncrementUserChanges.m */,
			);
			name = Response;
			sourceTree = "<group>";
		};
		CDFE240C1BD8EE3700506A67 /* Request */ = {
			isa = PBXGroup;
			children = (
				CF3338641B5B2D3000C637DE /* BKApiRequest.h */,
				CF3338651B5B2D3000C637DE /* BKApiRequest.m */,
				CF3338671B5B2E8800C637DE /* BKApiRequestGetProjectAchievements.h */,
				CF3338681B5B2E8800C637DE /* BKApiRequestGetProjectAchievements.m */,
				CF33386A1B5B356C00C637DE /* BKApiRequestGetUserAchievements.h */,
				CF33386B1B5B356C00C637DE /* BKApiRequestGetUserAchievements.m */,
				CFCE2FCC1B628EB300D4C0B8 /* BKApiRequestSetUserChanges.h */,
				CFCE2FCD1B628EB300D4C0B8 /* BKApiRequestSetUserChanges.m */,
				CD263CB51BB70EFA00B379DF /* BKApiRequestIncrementUserChanges.h */,
				CD263CB61BB70EFA00B379DF /* BKApiRequestIncrementUserChanges.m */,
			);
			name = Request;
			sourceTree = "<group>";
		};
		CF33377D1B5ABC1800C637DE = {
			isa = PBXGroup;
			children = (
				CF3337881B5ABC1800C637DE /* BadgeKeeper.Sample */,
				CF3337871B5ABC1800C637DE /* Products */,
				A2164DA331A95637AA50B022 /* Pods */,
				B95582872D848A99B2C22F67 /* Frameworks */,
			);
			sourceTree = "<group>";
		};
		CF3337871B5ABC1800C637DE /* Products */ = {
			isa = PBXGroup;
			children = (
				CF3337861B5ABC1800C637DE /* BadgeKeeper.Sample.app */,
			);
			name = Products;
			sourceTree = "<group>";
		};
		CF3337881B5ABC1800C637DE /* BadgeKeeper.Sample */ = {
			isa = PBXGroup;
			children = (
				CFAFC0CB1B6FE26D00FA174B /* Presenter */,
				CF3337DF1B5AFB2D00C637DE /* Vendor */,
				CF33378D1B5ABC1800C637DE /* AppDelegate.h */,
				CF33378E1B5ABC1800C637DE /* AppDelegate.m */,
				CF3337961B5ABC1800C637DE /* Images.xcassets */,
				CF33378A1B5ABC1800C637DE /* Info.plist */,
				CF33378B1B5ABC1800C637DE /* main.m */,
			);
			path = BadgeKeeper.Sample;
			sourceTree = "<group>";
		};
		CF3337DF1B5AFB2D00C637DE /* Vendor */ = {
			isa = PBXGroup;
			children = (
				CF33383C1B5B068400C637DE /* Network */,
				CD7E22901BD81DA5000BDDBA /* Objects */,
				CD78E9FF1BB9E72D003289B5 /* Entities */,
				CF3337E01B5AFB3800C637DE /* BadgeKeeper.h */,
				CF3337E11B5AFB3800C637DE /* BadgeKeeper.m */,
			);
			name = Vendor;
			path = Classes/Vendor;
			sourceTree = "<group>";
		};
		CF3338301B5B03B700C637DE /* Models */ = {
			isa = PBXGroup;
			children = (
				CD7E22911BD82134000BDDBA /* BKProject.h */,
				CD7E22921BD82134000BDDBA /* BKProject.m */,
				CF3338561B5B25D200C637DE /* BKAchievement.h */,
				CF3338571B5B25D200C637DE /* BKAchievement.m */,
				CF3338581B5B25D200C637DE /* BKUserAchievement.h */,
				CF3338591B5B25D200C637DE /* BKUserAchievement.m */,
				CF33385B1B5B25D200C637DE /* BKUnlockedAchievement.h */,
				CF33385C1B5B25D200C637DE /* BKUnlockedAchievement.m */,
				CD7E22941BD82351000BDDBA /* BKReward.h */,
				CD7E22951BD82351000BDDBA /* BKReward.m */,
			);
			name = Models;
			path = Model;
			sourceTree = "<group>";
		};
		CF33383C1B5B068400C637DE /* Network */ = {
			isa = PBXGroup;
			children = (
				CF3338631B5B2D2600C637DE /* Packets */,
				CF33383D1B5B069300C637DE /* BKApiService.h */,
				CF33383E1B5B069300C637DE /* BKApiService.m */,
			);
			name = Network;
			path = Model/Network;
			sourceTree = "<group>";
		};
		CF3338631B5B2D2600C637DE /* Packets */ = {
			isa = PBXGroup;
			children = (
				CDFE240C1BD8EE3700506A67 /* Request */,
				CDFE240B1BD8EE2C00506A67 /* Response */,
			);
			path = Packets;
			sourceTree = "<group>";
		};
		CFAFC0CB1B6FE26D00FA174B /* Presenter */ = {
			isa = PBXGroup;
			children = (
				CFAFC0CC1B6FE26D00FA174B /* BKAchievementViewController.h */,
				CFAFC0CD1B6FE26D00FA174B /* BKAchievementViewController.m */,
				CFAFC0CE1B6FE26D00FA174B /* BKAchievementViewController.xib */,
			);
			name = Presenter;
			path = Classes/Presenter;
			sourceTree = "<group>";
		};
/* End PBXGroup section */

/* Begin PBXNativeTarget section */
		CF3337851B5ABC1800C637DE /* BadgeKeeper.Sample */ = {
			isa = PBXNativeTarget;
			buildConfigurationList = CF3337A91B5ABC1800C637DE /* Build configuration list for PBXNativeTarget "BadgeKeeper.Sample" */;
			buildPhases = (
				E23C764356F2D3DE8D2EFBF3 /* Check Pods Manifest.lock */,
				CF3337821B5ABC1800C637DE /* Sources */,
				CF3337831B5ABC1800C637DE /* Frameworks */,
				CF3337841B5ABC1800C637DE /* Resources */,
				1C34938C1B95AEC42F3E6803 /* Copy Pods Resources */,
			);
			buildRules = (
			);
			dependencies = (
			);
			name = BadgeKeeper.Sample;
			productName = BadgeKeeper.Sample;
			productReference = CF3337861B5ABC1800C637DE /* BadgeKeeper.Sample.app */;
			productType = "com.apple.product-type.application";
		};
/* End PBXNativeTarget section */

/* Begin PBXProject section */
		CF33377E1B5ABC1800C637DE /* Project object */ = {
			isa = PBXProject;
			attributes = {
				LastUpgradeCheck = 0700;
				ORGANIZATIONNAME = BadgeKeeper;
				TargetAttributes = {
					CF3337851B5ABC1800C637DE = {
						CreatedOnToolsVersion = 6.3;
					};
				};
			};
			buildConfigurationList = CF3337811B5ABC1800C637DE /* Build configuration list for PBXProject "BadgeKeeper.Sample" */;
			compatibilityVersion = "Xcode 3.2";
			developmentRegion = English;
			hasScannedForEncodings = 0;
			knownRegions = (
				en,
				Base,
			);
			mainGroup = CF33377D1B5ABC1800C637DE;
			productRefGroup = CF3337871B5ABC1800C637DE /* Products */;
			projectDirPath = "";
			projectRoot = "";
			targets = (
				CF3337851B5ABC1800C637DE /* BadgeKeeper.Sample */,
			);
		};
/* End PBXProject section */

/* Begin PBXResourcesBuildPhase section */
		CF3337841B5ABC1800C637DE /* Resources */ = {
			isa = PBXResourcesBuildPhase;
			buildActionMask = 2147483647;
			files = (
				CF3337971B5ABC1800C637DE /* Images.xcassets in Resources */,
				CFAFC0D01B6FE26D00FA174B /* BKAchievementViewController.xib in Resources */,
			);
			runOnlyForDeploymentPostprocessing = 0;
		};
/* End PBXResourcesBuildPhase section */

/* Begin PBXShellScriptBuildPhase section */
		1C34938C1B95AEC42F3E6803 /* Copy Pods Resources */ = {
			isa = PBXShellScriptBuildPhase;
			buildActionMask = 2147483647;
			files = (
			);
			inputPaths = (
			);
			name = "Copy Pods Resources";
			outputPaths = (
			);
			runOnlyForDeploymentPostprocessing = 0;
			shellPath = /bin/sh;
			shellScript = "\"${SRCROOT}/Pods/Target Support Files/Pods-BadgeKeeper.Sample/Pods-BadgeKeeper.Sample-resources.sh\"\n";
			showEnvVarsInLog = 0;
		};
		E23C764356F2D3DE8D2EFBF3 /* Check Pods Manifest.lock */ = {
			isa = PBXShellScriptBuildPhase;
			buildActionMask = 2147483647;
			files = (
			);
			inputPaths = (
			);
			name = "Check Pods Manifest.lock";
			outputPaths = (
			);
			runOnlyForDeploymentPostprocessing = 0;
			shellPath = /bin/sh;
			shellScript = "diff \"${PODS_ROOT}/../Podfile.lock\" \"${PODS_ROOT}/Manifest.lock\" > /dev/null\nif [[ $? != 0 ]] ; then\n    cat << EOM\nerror: The sandbox is not in sync with the Podfile.lock. Run 'pod install' or update your CocoaPods installation.\nEOM\n    exit 1\nfi\n";
			showEnvVarsInLog = 0;
		};
/* End PBXShellScriptBuildPhase section */

/* Begin PBXSourcesBuildPhase section */
		CF3337821B5ABC1800C637DE /* Sources */ = {
			isa = PBXSourcesBuildPhase;
			buildActionMask = 2147483647;
			files = (
				CF33386C1B5B356C00C637DE /* BKApiRequestGetUserAchievements.m in Sources */,
				CD043E301BD95FA900B62664 /* BKApiResponseIncrementUserChanges.m in Sources */,
				CD7E22961BD82351000BDDBA /* BKReward.m in Sources */,
				CF33383B1B5B03E600C637DE /* BKPair.m in Sources */,
				CF3338691B5B2E8800C637DE /* BKApiRequestGetProjectAchievements.m in Sources */,
				CF33378F1B5ABC1800C637DE /* AppDelegate.m in Sources */,
				CF3338601B5B25D200C637DE /* BKUserAchievement.m in Sources */,
				CDFE240F1BD9542C00506A67 /* BKApiResponseGetProjectAchievements.m in Sources */,
				CF33378C1B5ABC1800C637DE /* main.m in Sources */,
				CF33383F1B5B069300C637DE /* BKApiService.m in Sources */,
				CD7E22991BD82793000BDDBA /* BKApiResponse.m in Sources */,
				CF3338661B5B2D3100C637DE /* BKApiRequest.m in Sources */,
				CD7E22931BD82134000BDDBA /* BKProject.m in Sources */,
				CD7E229C1BD827C5000BDDBA /* BKApiResponseError.m in Sources */,
				CF3338611B5B25D200C637DE /* BKUnlockedAchievement.m in Sources */,
				CFAFC0CF1B6FE26D00FA174B /* BKAchievementViewController.m in Sources */,
				CD78EA111BB9F097003289B5 /* BKEntityStorage.m in Sources */,
				CD043E2D1BD95F1000B62664 /* BKApiResponseSetUserChanges.m in Sources */,
				CFCE2FCE1B628EB300D4C0B8 /* BKApiRequestSetUserChanges.m in Sources */,
				CF3337E21B5AFB3800C637DE /* BadgeKeeper.m in Sources */,
				CF33385F1B5B25D200C637DE /* BKAchievement.m in Sources */,
				CF3338511B5B20CC00C637DE /* BKObject.m in Sources */,
				CD263CB71BB70EFA00B379DF /* BKApiRequestIncrementUserChanges.m in Sources */,
				CD78EA0C1BB9E8F6003289B5 /* BKEntityAchievement.m in Sources */,
				CDFE24121BD9557600506A67 /* BKApiResponseGetUserAchievements.m in Sources */,
				CD78EA0E1BB9E8F6003289B5 /* BKEntityReward.m in Sources */,
			);
			runOnlyForDeploymentPostprocessing = 0;
		};
/* End PBXSourcesBuildPhase section */

/* Begin XCBuildConfiguration section */
		CF3337A71B5ABC1800C637DE /* Debug */ = {
			isa = XCBuildConfiguration;
			buildSettings = {
				ALWAYS_SEARCH_USER_PATHS = NO;
				CLANG_CXX_LANGUAGE_STANDARD = "gnu++0x";
				CLANG_CXX_LIBRARY = "libc++";
				CLANG_ENABLE_MODULES = YES;
				CLANG_ENABLE_OBJC_ARC = YES;
				CLANG_WARN_BOOL_CONVERSION = YES;
				CLANG_WARN_CONSTANT_CONVERSION = YES;
				CLANG_WARN_DIRECT_OBJC_ISA_USAGE = YES_ERROR;
				CLANG_WARN_EMPTY_BODY = YES;
				CLANG_WARN_ENUM_CONVERSION = YES;
				CLANG_WARN_INT_CONVERSION = YES;
				CLANG_WARN_OBJC_ROOT_CLASS = YES_ERROR;
				CLANG_WARN_UNREACHABLE_CODE = YES;
				CLANG_WARN__DUPLICATE_METHOD_MATCH = YES;
				"CODE_SIGN_IDENTITY[sdk=iphoneos*]" = "iPhone Developer";
				COPY_PHASE_STRIP = NO;
				DEBUG_INFORMATION_FORMAT = "dwarf-with-dsym";
				ENABLE_STRICT_OBJC_MSGSEND = YES;
				ENABLE_TESTABILITY = YES;
				GCC_C_LANGUAGE_STANDARD = gnu99;
				GCC_DYNAMIC_NO_PIC = NO;
				GCC_NO_COMMON_BLOCKS = YES;
				GCC_OPTIMIZATION_LEVEL = 0;
				GCC_PREPROCESSOR_DEFINITIONS = (
					"DEBUG=1",
					"$(inherited)",
				);
				GCC_SYMBOLS_PRIVATE_EXTERN = NO;
				GCC_WARN_64_TO_32_BIT_CONVERSION = YES;
				GCC_WARN_ABOUT_RETURN_TYPE = YES_ERROR;
				GCC_WARN_UNDECLARED_SELECTOR = YES;
				GCC_WARN_UNINITIALIZED_AUTOS = YES_AGGRESSIVE;
				GCC_WARN_UNUSED_FUNCTION = YES;
				GCC_WARN_UNUSED_VARIABLE = YES;
				IPHONEOS_DEPLOYMENT_TARGET = 7.0;
				MTL_ENABLE_DEBUG_INFO = YES;
				ONLY_ACTIVE_ARCH = YES;
				SDKROOT = iphoneos;
			};
			name = Debug;
		};
		CF3337A81B5ABC1800C637DE /* Release */ = {
			isa = XCBuildConfiguration;
			buildSettings = {
				ALWAYS_SEARCH_USER_PATHS = NO;
				CLANG_CXX_LANGUAGE_STANDARD = "gnu++0x";
				CLANG_CXX_LIBRARY = "libc++";
				CLANG_ENABLE_MODULES = YES;
				CLANG_ENABLE_OBJC_ARC = YES;
				CLANG_WARN_BOOL_CONVERSION = YES;
				CLANG_WARN_CONSTANT_CONVERSION = YES;
				CLANG_WARN_DIRECT_OBJC_ISA_USAGE = YES_ERROR;
				CLANG_WARN_EMPTY_BODY = YES;
				CLANG_WARN_ENUM_CONVERSION = YES;
				CLANG_WARN_INT_CONVERSION = YES;
				CLANG_WARN_OBJC_ROOT_CLASS = YES_ERROR;
				CLANG_WARN_UNREACHABLE_CODE = YES;
				CLANG_WARN__DUPLICATE_METHOD_MATCH = YES;
				"CODE_SIGN_IDENTITY[sdk=iphoneos*]" = "iPhone Developer";
				COPY_PHASE_STRIP = NO;
				DEBUG_INFORMATION_FORMAT = "dwarf-with-dsym";
				ENABLE_NS_ASSERTIONS = NO;
				ENABLE_STRICT_OBJC_MSGSEND = YES;
				GCC_C_LANGUAGE_STANDARD = gnu99;
				GCC_NO_COMMON_BLOCKS = YES;
				GCC_WARN_64_TO_32_BIT_CONVERSION = YES;
				GCC_WARN_ABOUT_RETURN_TYPE = YES_ERROR;
				GCC_WARN_UNDECLARED_SELECTOR = YES;
				GCC_WARN_UNINITIALIZED_AUTOS = YES_AGGRESSIVE;
				GCC_WARN_UNUSED_FUNCTION = YES;
				GCC_WARN_UNUSED_VARIABLE = YES;
				IPHONEOS_DEPLOYMENT_TARGET = 7.0;
				MTL_ENABLE_DEBUG_INFO = NO;
				SDKROOT = iphoneos;
				VALIDATE_PRODUCT = YES;
			};
			name = Release;
		};
		CF3337AA1B5ABC1800C637DE /* Debug */ = {
			isa = XCBuildConfiguration;
			baseConfigurationReference = 03B3267B0F25927496E778AE /* Pods-BadgeKeeper.Sample.debug.xcconfig */;
			buildSettings = {
				ASSETCATALOG_COMPILER_APPICON_NAME = AppIcon;
				ASSETCATALOG_COMPILER_LAUNCHIMAGE_NAME = LaunchImage;
				INFOPLIST_FILE = BadgeKeeper.Sample/Info.plist;
				LD_RUNPATH_SEARCH_PATHS = "$(inherited) @executable_path/Frameworks";
				PRODUCT_BUNDLE_IDENTIFIER = "com.badgekeeper.$(PRODUCT_NAME:rfc1034identifier)";
				PRODUCT_NAME = BadgeKeeper.Sample;
			};
			name = Debug;
		};
		CF3337AB1B5ABC1800C637DE /* Release */ = {
			isa = XCBuildConfiguration;
			baseConfigurationReference = A2913841EEAED56730607715 /* Pods-BadgeKeeper.Sample.release.xcconfig */;
			buildSettings = {
				ASSETCATALOG_COMPILER_APPICON_NAME = AppIcon;
				ASSETCATALOG_COMPILER_LAUNCHIMAGE_NAME = LaunchImage;
				INFOPLIST_FILE = BadgeKeeper.Sample/Info.plist;
				LD_RUNPATH_SEARCH_PATHS = "$(inherited) @executable_path/Frameworks";
				PRODUCT_BUNDLE_IDENTIFIER = "com.badgekeeper.$(PRODUCT_NAME:rfc1034identifier)";
				PRODUCT_NAME = BadgeKeeper.Sample;
			};
			name = Release;
		};
/* End XCBuildConfiguration section */

/* Begin XCConfigurationList section */
		CF3337811B5ABC1800C637DE /* Build configuration list for PBXProject "BadgeKeeper.Sample" */ = {
			isa = XCConfigurationList;
			buildConfigurations = (
				CF3337A71B5ABC1800C637DE /* Debug */,
				CF3337A81B5ABC1800C637DE /* Release */,
			);
			defaultConfigurationIsVisible = 0;
			defaultConfigurationName = Release;
		};
		CF3337A91B5ABC1800C637DE /* Build configuration list for PBXNativeTarget "BadgeKeeper.Sample" */ = {
			isa = XCConfigurationList;
			buildConfigurations = (
				CF3337AA1B5ABC1800C637DE /* Debug */,
				CF3337AB1B5ABC1800C637DE /* Release */,
			);
			defaultConfigurationIsVisible = 0;
			defaultConfigurationName = Release;
		};
/* End XCConfigurationList section */
	};
	rootObject = CF33377E1B5ABC1800C637DE /* Project object */;
}
